// !$*UTF8*$!
{
	archiveVersion = 1;
	classes = {
	};
	objectVersion = 52;
	objects = {

/* Begin PBXBuildFile section */
		CDB83FBE23DBE722003451F9 /* AppDelegate.swift in Sources */ = {isa = PBXBuildFile; fileRef = CDB83FBD23DBE722003451F9 /* AppDelegate.swift */; };
		CDB83FC023DBE722003451F9 /* ViewController.swift in Sources */ = {isa = PBXBuildFile; fileRef = CDB83FBF23DBE722003451F9 /* ViewController.swift */; };
		CDB83FC223DBE727003451F9 /* Assets.xcassets in Resources */ = {isa = PBXBuildFile; fileRef = CDB83FC123DBE727003451F9 /* Assets.xcassets */; };
		CDB83FC523DBE727003451F9 /* Main.storyboard in Resources */ = {isa = PBXBuildFile; fileRef = CDB83FC323DBE727003451F9 /* Main.storyboard */; };
		CDB83FCF23DBE762003451F9 /* FlipBook in Frameworks */ = {isa = PBXBuildFile; productRef = CDB83FCE23DBE762003451F9 /* FlipBook */; };
/* End PBXBuildFile section */

/* Begin PBXFileReference section */
		CDB83FBA23DBE722003451F9 /* FlipBookMacTest.app */ = {isa = PBXFileReference; explicitFileType = wrapper.application; includeInIndex = 0; path = FlipBookMacTest.app; sourceTree = BUILT_PRODUCTS_DIR; };
		CDB83FBD23DBE722003451F9 /* AppDelegate.swift */ = {isa = PBXFileReference; lastKnownFileType = sourcecode.swift; path = AppDelegate.swift; sourceTree = "<group>"; };
		CDB83FBF23DBE722003451F9 /* ViewController.swift */ = {isa = PBXFileReference; lastKnownFileType = sourcecode.swift; path = ViewController.swift; sourceTree = "<group>"; };
		CDB83FC123DBE727003451F9 /* Assets.xcassets */ = {isa = PBXFileReference; lastKnownFileType = folder.assetcatalog; path = Assets.xcassets; sourceTree = "<group>"; };
		CDB83FC423DBE727003451F9 /* Base */ = {isa = PBXFileReference; lastKnownFileType = file.storyboard; name = Base; path = Base.lproj/Main.storyboard; sourceTree = "<group>"; };
		CDB83FC623DBE727003451F9 /* Info.plist */ = {isa = PBXFileReference; lastKnownFileType = text.plist.xml; path = Info.plist; sourceTree = "<group>"; };
		CDB83FC723DBE727003451F9 /* FlipBookMacTest.entitlements */ = {isa = PBXFileReference; lastKnownFileType = text.plist.entitlements; path = FlipBookMacTest.entitlements; sourceTree = "<group>"; };
/* End PBXFileReference section */

/* Begin PBXFrameworksBuildPhase section */
		CDB83FB723DBE722003451F9 /* Frameworks */ = {
			isa = PBXFrameworksBuildPhase;
			buildActionMask = 2147483647;
			files = (
				CDB83FCF23DBE762003451F9 /* FlipBook in Frameworks */,
			);
			runOnlyForDeploymentPostprocessing = 0;
		};
/* End PBXFrameworksBuildPhase section */

/* Begin PBXGroup section */
		CDB83FB123DBE722003451F9 = {
			isa = PBXGroup;
			children = (
				CDB83FBC23DBE722003451F9 /* FlipBookMacTest */,
				CDB83FBB23DBE722003451F9 /* Products */,
			);
			sourceTree = "<group>";
		};
		CDB83FBB23DBE722003451F9 /* Products */ = {
			isa = PBXGroup;
			children = (
				CDB83FBA23DBE722003451F9 /* FlipBookMacTest.app */,
			);
			name = Products;
			sourceTree = "<group>";
		};
		CDB83FBC23DBE722003451F9 /* FlipBookMacTest */ = {
			isa = PBXGroup;
			children = (
				CDB83FBD23DBE722003451F9 /* AppDelegate.swift */,
				CDB83FBF23DBE722003451F9 /* ViewController.swift */,
				CDB83FC123DBE727003451F9 /* Assets.xcassets */,
				CDB83FC323DBE727003451F9 /* Main.storyboard */,
				CDB83FC623DBE727003451F9 /* Info.plist */,
				CDB83FC723DBE727003451F9 /* FlipBookMacTest.entitlements */,
			);
			path = FlipBookMacTest;
			sourceTree = "<group>";
		};
/* End PBXGroup section */

/* Begin PBXNativeTarget section */
		CDB83FB923DBE722003451F9 /* FlipBookMacTest */ = {
			isa = PBXNativeTarget;
			buildConfigurationList = CDB83FCA23DBE727003451F9 /* Build configuration list for PBXNativeTarget "FlipBookMacTest" */;
			buildPhases = (
				CDB83FB623DBE722003451F9 /* Sources */,
				CDB83FB723DBE722003451F9 /* Frameworks */,
				CDB83FB823DBE722003451F9 /* Resources */,
			);
			buildRules = (
			);
			dependencies = (
			);
			name = FlipBookMacTest;
			packageProductDependencies = (
				CDB83FCE23DBE762003451F9 /* FlipBook */,
			);
			productName = FlipBookMacTest;
			productReference = CDB83FBA23DBE722003451F9 /* FlipBookMacTest.app */;
			productType = "com.apple.product-type.application";
		};
/* End PBXNativeTarget section */

/* Begin PBXProject section */
		CDB83FB223DBE722003451F9 /* Project object */ = {
			isa = PBXProject;
			attributes = {
				LastSwiftUpdateCheck = 1130;
				LastUpgradeCheck = 1130;
				ORGANIZATIONNAME = "Brad Gayman";
				TargetAttributes = {
					CDB83FB923DBE722003451F9 = {
						CreatedOnToolsVersion = 11.3.1;
					};
				};
			};
			buildConfigurationList = CDB83FB523DBE722003451F9 /* Build configuration list for PBXProject "FlipBookMacTest" */;
			compatibilityVersion = "Xcode 9.3";
			developmentRegion = en;
			hasScannedForEncodings = 0;
			knownRegions = (
				en,
				Base,
			);
			mainGroup = CDB83FB123DBE722003451F9;
			packageReferences = (
				CDB83FCD23DBE762003451F9 /* XCRemoteSwiftPackageReference "FlipBook" */,
			);
			productRefGroup = CDB83FBB23DBE722003451F9 /* Products */;
			projectDirPath = "";
			projectRoot = "";
			targets = (
				CDB83FB923DBE722003451F9 /* FlipBookMacTest */,
			);
		};
/* End PBXProject section */

/* Begin PBXResourcesBuildPhase section */
		CDB83FB823DBE722003451F9 /* Resources */ = {
			isa = PBXResourcesBuildPhase;
			buildActionMask = 2147483647;
			files = (
				CDB83FC223DBE727003451F9 /* Assets.xcassets in Resources */,
				CDB83FC523DBE727003451F9 /* Main.storyboard in Resources */,
			);
			runOnlyForDeploymentPostprocessing = 0;
		};
/* End PBXResourcesBuildPhase section */

/* Begin PBXSourcesBuildPhase section */
		CDB83FB623DBE722003451F9 /* Sources */ = {
			isa = PBXSourcesBuildPhase;
			buildActionMask = 2147483647;
			files = (
				CDB83FC023DBE722003451F9 /* ViewController.swift in Sources */,
				CDB83FBE23DBE722003451F9 /* AppDelegate.swift in Sources */,
			);
			runOnlyForDeploymentPostprocessing = 0;
		};
/* End PBXSourcesBuildPhase section */

/* Begin PBXVariantGroup section */
		CDB83FC323DBE727003451F9 /* Main.storyboard */ = {
			isa = PBXVariantGroup;
			children = (
				CDB83FC423DBE727003451F9 /* Base */,
			);
			name = Main.storyboard;
			sourceTree = "<group>";
		};
/* End PBXVariantGroup section */

/* Begin XCBuildConfiguration section */
		CDB83FC823DBE727003451F9 /* Debug */ = {
			isa = XCBuildConfiguration;
			buildSettings = {
				ALWAYS_SEARCH_USER_PATHS = NO;
				CLANG_ANALYZER_NONNULL = YES;
				CLANG_ANALYZER_NUMBER_OBJECT_CONVERSION = YES_AGGRESSIVE;
				CLANG_CXX_LANGUAGE_STANDARD = "gnu++14";
				CLANG_CXX_LIBRARY = "libc++";
				CLANG_ENABLE_MODULES = YES;
				CLANG_ENABLE_OBJC_ARC = YES;
				CLANG_ENABLE_OBJC_WEAK = YES;
				CLANG_WARN_BLOCK_CAPTURE_AUTORELEASING = YES;
				CLANG_WARN_BOOL_CONVERSION = YES;
				CLANG_WARN_COMMA = YES;
				CLANG_WARN_CONSTANT_CONVERSION = YES;
				CLANG_WARN_DEPRECATED_OBJC_IMPLEMENTATIONS = YES;
				CLANG_WARN_DIRECT_OBJC_ISA_USAGE = YES_ERROR;
				CLANG_WARN_DOCUMENTATION_COMMENTS = YES;
				CLANG_WARN_EMPTY_BODY = YES;
				CLANG_WARN_ENUM_CONVERSION = YES;
				CLANG_WARN_INFINITE_RECURSION = YES;
				CLANG_WARN_INT_CONVERSION = YES;
				CLANG_WARN_NON_LITERAL_NULL_CONVERSION = YES;
				CLANG_WARN_OBJC_IMPLICIT_RETAIN_SELF = YES;
				CLANG_WARN_OBJC_LITERAL_CONVERSION = YES;
				CLANG_WARN_OBJC_ROOT_CLASS = YES_ERROR;
				CLANG_WARN_RANGE_LOOP_ANALYSIS = YES;
				CLANG_WARN_STRICT_PROTOTYPES = YES;
				CLANG_WARN_SUSPICIOUS_MOVE = YES;
				CLANG_WARN_UNGUARDED_AVAILABILITY = YES_AGGRESSIVE;
				CLANG_WARN_UNREACHABLE_CODE = YES;
				CLANG_WARN__DUPLICATE_METHOD_MATCH = YES;
				COPY_PHASE_STRIP = NO;
				DEBUG_INFORMATION_FORMAT = dwarf;
				ENABLE_STRICT_OBJC_MSGSEND = YES;
				ENABLE_TESTABILITY = YES;
				GCC_C_LANGUAGE_STANDARD = gnu11;
				GCC_DYNAMIC_NO_PIC = NO;
				GCC_NO_COMMON_BLOCKS = YES;
				GCC_OPTIMIZATION_LEVEL = 0;
				GCC_PREPROCESSOR_DEFINITIONS = (
					"DEBUG=1",
					"$(inherited)",
				);
				GCC_WARN_64_TO_32_BIT_CONVERSION = YES;
				GCC_WARN_ABOUT_RETURN_TYPE = YES_ERROR;
				GCC_WARN_UNDECLARED_SELECTOR = YES;
				GCC_WARN_UNINITIALIZED_AUTOS = YES_AGGRESSIVE;
				GCC_WARN_UNUSED_FUNCTION = YES;
				GCC_WARN_UNUSED_VARIABLE = YES;
				MACOSX_DEPLOYMENT_TARGET = 10.15;
				MTL_ENABLE_DEBUG_INFO = INCLUDE_SOURCE;
				MTL_FAST_MATH = YES;
				ONLY_ACTIVE_ARCH = YES;
				SDKROOT = macosx;
				SWIFT_ACTIVE_COMPILATION_CONDITIONS = DEBUG;
				SWIFT_OPTIMIZATION_LEVEL = "-Onone";
			};
			name = Debug;
		};
		CDB83FC923DBE727003451F9 /* Release */ = {
			isa = XCBuildConfiguration;
			buildSettings = {
				ALWAYS_SEARCH_USER_PATHS = NO;
				CLANG_ANALYZER_NONNULL = YES;
				CLANG_ANALYZER_NUMBER_OBJECT_CONVERSION = YES_AGGRESSIVE;
				CLANG_CXX_LANGUAGE_STANDARD = "gnu++14";
				CLANG_CXX_LIBRARY = "libc++";
				CLANG_ENABLE_MODULES = YES;
				CLANG_ENABLE_OBJC_ARC = YES;
				CLANG_ENABLE_OBJC_WEAK = YES;
				CLANG_WARN_BLOCK_CAPTURE_AUTORELEASING = YES;
				CLANG_WARN_BOOL_CONVERSION = YES;
				CLANG_WARN_COMMA = YES;
				CLANG_WARN_CONSTANT_CONVERSION = YES;
				CLANG_WARN_DEPRECATED_OBJC_IMPLEMENTATIONS = YES;
				CLANG_WARN_DIRECT_OBJC_ISA_USAGE = YES_ERROR;
				CLANG_WARN_DOCUMENTATION_COMMENTS = YES;
				CLANG_WARN_EMPTY_BODY = YES;
				CLANG_WARN_ENUM_CONVERSION = YES;
				CLANG_WARN_INFINITE_RECURSION = YES;
				CLANG_WARN_INT_CONVERSION = YES;
				CLANG_WARN_NON_LITERAL_NULL_CONVERSION = YES;
				CLANG_WARN_OBJC_IMPLICIT_RETAIN_SELF = YES;
				CLANG_WARN_OBJC_LITERAL_CONVERSION = YES;
				CLANG_WARN_OBJC_ROOT_CLASS = YES_ERROR;
				CLANG_WARN_RANGE_LOOP_ANALYSIS = YES;
				CLANG_WARN_STRICT_PROTOTYPES = YES;
				CLANG_WARN_SUSPICIOUS_MOVE = YES;
				CLANG_WARN_UNGUARDED_AVAILABILITY = YES_AGGRESSIVE;
				CLANG_WARN_UNREACHABLE_CODE = YES;
				CLANG_WARN__DUPLICATE_METHOD_MATCH = YES;
				COPY_PHASE_STRIP = NO;
				DEBUG_INFORMATION_FORMAT = "dwarf-with-dsym";
				ENABLE_NS_ASSERTIONS = NO;
				ENABLE_STRICT_OBJC_MSGSEND = YES;
				GCC_C_LANGUAGE_STANDARD = gnu11;
				GCC_NO_COMMON_BLOCKS = YES;
				GCC_WARN_64_TO_32_BIT_CONVERSION = YES;
				GCC_WARN_ABOUT_RETURN_TYPE = YES_ERROR;
				GCC_WARN_UNDECLARED_SELECTOR = YES;
				GCC_WARN_UNINITIALIZED_AUTOS = YES_AGGRESSIVE;
				GCC_WARN_UNUSED_FUNCTION = YES;
				GCC_WARN_UNUSED_VARIABLE = YES;
				MACOSX_DEPLOYMENT_TARGET = 10.15;
				MTL_ENABLE_DEBUG_INFO = NO;
				MTL_FAST_MATH = YES;
				SDKROOT = macosx;
				SWIFT_COMPILATION_MODE = wholemodule;
				SWIFT_OPTIMIZATION_LEVEL = "-O";
			};
			name = Release;
		};
		CDB83FCB23DBE727003451F9 /* Debug */ = {
			isa = XCBuildConfiguration;
			buildSettings = {
				ASSETCATALOG_COMPILER_APPICON_NAME = AppIcon;
				CODE_SIGN_ENTITLEMENTS = FlipBookMacTest/FlipBookMacTest.entitlements;
				CODE_SIGN_STYLE = Automatic;
				COMBINE_HIDPI_IMAGES = YES;
				INFOPLIST_FILE = FlipBookMacTest/Info.plist;
				LD_RUNPATH_SEARCH_PATHS = (
					"$(inherited)",
					"@executable_path/../Frameworks",
				);
				PRODUCT_BUNDLE_IDENTIFIER = com.bradgayman.FlipBookMacTest;
				PRODUCT_NAME = "$(TARGET_NAME)";
				SWIFT_VERSION = 5.0;
			};
			name = Debug;
		};
		CDB83FCC23DBE727003451F9 /* Release */ = {
			isa = XCBuildConfiguration;
			buildSettings = {
				ASSETCATALOG_COMPILER_APPICON_NAME = AppIcon;
				CODE_SIGN_ENTITLEMENTS = FlipBookMacTest/FlipBookMacTest.entitlements;
				CODE_SIGN_STYLE = Automatic;
				COMBINE_HIDPI_IMAGES = YES;
				INFOPLIST_FILE = FlipBookMacTest/Info.plist;
				LD_RUNPATH_SEARCH_PATHS = (
					"$(inherited)",
					"@executable_path/../Frameworks",
				);
				PRODUCT_BUNDLE_IDENTIFIER = com.bradgayman.FlipBookMacTest;
				PRODUCT_NAME = "$(TARGET_NAME)";
				SWIFT_VERSION = 5.0;
			};
			name = Release;
		};
/* End XCBuildConfiguration section */

/* Begin XCConfigurationList section */
		CDB83FB523DBE722003451F9 /* Build configuration list for PBXProject "FlipBookMacTest" */ = {
			isa = XCConfigurationList;
			buildConfigurations = (
				CDB83FC823DBE727003451F9 /* Debug */,
				CDB83FC923DBE727003451F9 /* Release */,
			);
			defaultConfigurationIsVisible = 0;
			defaultConfigurationName = Release;
		};
		CDB83FCA23DBE727003451F9 /* Build configuration list for PBXNativeTarget "FlipBookMacTest" */ = {
			isa = XCConfigurationList;
			buildConfigurations = (
				CDB83FCB23DBE727003451F9 /* Debug */,
				CDB83FCC23DBE727003451F9 /* Release */,
			);
			defaultConfigurationIsVisible = 0;
			defaultConfigurationName = Release;
		};
/* End XCConfigurationList section */

/* Begin XCRemoteSwiftPackageReference section */
		CDB83FCD23DBE762003451F9 /* XCRemoteSwiftPackageReference "FlipBook" */ = {
			isa = XCRemoteSwiftPackageReference;
			repositoryURL = "https://github.com/bgayman/FlipBook.git";
			requirement = {
				kind = versionRange;
				maximumVersion = 2.0.0;
				minimumVersion = 0.1.7;
			};
		};
/* End XCRemoteSwiftPackageReference section */

/* Begin XCSwiftPackageProductDependency section */
		CDB83FCE23DBE762003451F9 /* FlipBook */ = {
			isa = XCSwiftPackageProductDependency;
			package = CDB83FCD23DBE762003451F9 /* XCRemoteSwiftPackageReference "FlipBook" */;
			productName = FlipBook;
		};
/* End XCSwiftPackageProductDependency section */
	};
	rootObject = CDB83FB223DBE722003451F9 /* Project object */;
}
