{
  "object": {
    "pins": [
      {
        "package": "FlipBook",
        "repositoryURL": "https://github.com/bgayman/FlipBook.git",
        "state": {
          "branch": null,
          "revision": "6f487b10d9cca3f570fc1750d8ac55a937faab0d",
          "version": "0.2.17"
        }
      }
    ]
  },
  "version": 1
}
